
Microsoft Visual Studio Solution File, Format Version 12.00
# Visual Studio Version 17
VisualStudioVersion = 17.1.32407.343
MinimumVisualStudioVersion = 10.0.40219.1
Project("{9A19103F-16F7-4668-BE54-9A1E7A4F7556}") = "WebServices", "WebServices\WebServices.csproj", "{A0C0AE17-C3A6-494D-B500-779CB1834B95}"
	ProjectSection(ProjectDependencies) = postProject
		{5DA44080-97CD-4920-AF38-E16C98C4A1DD} = {5DA44080-97CD-4920-AF38-E16C98C4A1DD}
	EndProjectSection
EndProject
Project("{FAE04EC0-301F-11D3-BF4B-00C04F79EFBC}") = "CBShare", "CBShare\CBShare.csproj", "{5DA44080-97CD-4920-AF38-E16C98C4A1DD}"
EndProject
Global
	GlobalSection(SolutionConfigurationPlatforms) = preSolution
		Debug|Any CPU = Debug|Any CPU
		Release|Any CPU = Release|Any CPU
	EndGlobalSection
	GlobalSection(ProjectConfigurationPlatforms) = postSolution
		{A0C0AE17-C3A6-494D-B500-779CB1834B95}.Debug|Any CPU.ActiveCfg = Debug|Any CPU
		{A0C0AE17-C3A6-494D-B500-779CB1834B95}.Debug|Any CPU.Build.0 = Debug|Any CPU
		{A0C0AE17-C3A6-494D-B500-779CB1834B95}.Release|Any CPU.ActiveCfg = Release|Any CPU
		{A0C0AE17-C3A6-494D-B500-779CB1834B95}.Release|Any CPU.Build.0 = Release|Any CPU
		{5DA44080-97CD-4920-AF38-E16C98C4A1DD}.Debug|Any CPU.ActiveCfg = Debug|Any CPU
		{5DA44080-97CD-4920-AF38-E16C98C4A1DD}.Debug|Any CPU.Build.0 = Debug|Any CPU
		{5DA44080-97CD-4920-AF38-E16C98C4A1DD}.Release|Any CPU.ActiveCfg = Release|Any CPU
		{5DA44080-97CD-4920-AF38-E16C98C4A1DD}.Release|Any CPU.Build.0 = Release|Any CPU
	EndGlobalSection
	GlobalSection(SolutionProperties) = preSolution
		HideSolutionNode = FALSE
	EndGlobalSection
	GlobalSection(ExtensibilityGlobals) = postSolution
		SolutionGuid = {3BF60346-F572-47E9-B4C4-E1DA59ADA7A5}
	EndGlobalSection
EndGlobal
